// !$*UTF8*$!
{
	archiveVersion = 1;
	classes = {
	};
	objectVersion = 46;
	objects = {

/* Begin PBXBuildFile section */
		CA773A751E3F19D80028C9E4 /* main.cpp in Sources */ = {isa = PBXBuildFile; fileRef = CA773A741E3F19D80028C9E4 /* main.cpp */; };
/* End PBXBuildFile section */

/* Begin PBXCopyFilesBuildPhase section */
		CA773A6F1E3F19D80028C9E4 /* CopyFiles */ = {
			isa = PBXCopyFilesBuildPhase;
			buildActionMask = 2147483647;
			dstPath = /usr/share/man/man1/;
			dstSubfolderSpec = 0;
			files = (
			);
			runOnlyForDeploymentPostprocessing = 1;
		};
/* End PBXCopyFilesBuildPhase section */

/* Begin PBXFileReference section */
		CA773A711E3F19D80028C9E4 /* Book2 */ = {isa = PBXFileReference; explicitFileType = "compiled.mach-o.executable"; includeInIndex = 0; path = Book2; sourceTree = BUILT_PRODUCTS_DIR; };
		CA773A741E3F19D80028C9E4 /* main.cpp */ = {isa = PBXFileReference; lastKnownFileType = sourcecode.cpp.cpp; path = main.cpp; sourceTree = "<group>"; };
		CA773A7B1E3F19FD0028C9E4 /* 妙趣横生的算法C++描述.md */ = {isa = PBXFileReference; lastKnownFileType = net.daringfireball.markdown; path = "妙趣横生的算法C++描述.md"; sourceTree = "<group>"; };
		CA773AA31E3F23000028C9E4 /* 1-1-x.cpp */ = {isa = PBXFileReference; lastKnownFileType = sourcecode.cpp.cpp; path = "1-1-x.cpp"; sourceTree = "<group>"; };
		CA773AA41E3F23000028C9E4 /* 1-2-x.cpp */ = {isa = PBXFileReference; lastKnownFileType = sourcecode.cpp.cpp; path = "1-2-x.cpp"; sourceTree = "<group>"; };
		CA773AA51E3F23000028C9E4 /* 1-6-x.cpp */ = {isa = PBXFileReference; lastKnownFileType = sourcecode.cpp.cpp; path = "1-6-x.cpp"; sourceTree = "<group>"; };
		CA773AA61E3F23000028C9E4 /* 1-9-x.cpp */ = {isa = PBXFileReference; lastKnownFileType = sourcecode.cpp.cpp; path = "1-9-x.cpp"; sourceTree = "<group>"; };
		CA773AA71E3F23000028C9E4 /* 1-11-x.cpp */ = {isa = PBXFileReference; lastKnownFileType = sourcecode.cpp.cpp; path = "1-11-x.cpp"; sourceTree = "<group>"; };
		CA773AA81E3F23000028C9E4 /* 5-1-InsertSort.cpp */ = {isa = PBXFileReference; lastKnownFileType = sourcecode.cpp.cpp; path = "5-1-InsertSort.cpp"; sourceTree = "<group>"; };
		CA773AA91E3F23000028C9E4 /* 5-3-BubbleSort.cpp */ = {isa = PBXFileReference; lastKnownFileType = sourcecode.cpp.cpp; path = "5-3-BubbleSort.cpp"; sourceTree = "<group>"; };
		CA773AAA1E3F23000028C9E4 /* 5-5-QuickSort.cpp */ = {isa = PBXFileReference; lastKnownFileType = sourcecode.cpp.cpp; path = "5-5-QuickSort.cpp"; sourceTree = "<group>"; };
		CA773AAB1E3F23000028C9E4 /* 5-8-ShellSort.cpp */ = {isa = PBXFileReference; lastKnownFileType = sourcecode.cpp.cpp; path = "5-8-ShellSort.cpp"; sourceTree = "<group>"; };
		CA773AAC1E3F23000028C9E4 /* 5-9-SelectionSort.cpp */ = {isa = PBXFileReference; lastKnownFileType = sourcecode.cpp.cpp; path = "5-9-SelectionSort.cpp"; sourceTree = "<group>"; };
		CA773AAD1E3F23000028C9E4 /* BST.hpp */ = {isa = PBXFileReference; lastKnownFileType = sourcecode.cpp.h; path = BST.hpp; sourceTree = "<group>"; };
		CA773AAE1E3F23000028C9E4 /* CommonHeaders.hpp */ = {isa = PBXFileReference; lastKnownFileType = sourcecode.cpp.h; path = CommonHeaders.hpp; sourceTree = "<group>"; };
		CA773AAF1E3F23000028C9E4 /* HashTable.hpp */ = {isa = PBXFileReference; lastKnownFileType = sourcecode.cpp.h; path = HashTable.hpp; sourceTree = "<group>"; };
		CA773AB01E3F23000028C9E4 /* LinkList.hpp */ = {isa = PBXFileReference; lastKnownFileType = sourcecode.cpp.h; path = LinkList.hpp; sourceTree = "<group>"; };
		CA773AB11E3F23000028C9E4 /* Queue.hpp */ = {isa = PBXFileReference; lastKnownFileType = sourcecode.cpp.h; path = Queue.hpp; sourceTree = "<group>"; };
		CA773AB21E3F23000028C9E4 /* Stack.hpp */ = {isa = PBXFileReference; lastKnownFileType = sourcecode.cpp.h; path = Stack.hpp; sourceTree = "<group>"; };
		CA773AB31E3F23000028C9E4 /* Util.hpp */ = {isa = PBXFileReference; lastKnownFileType = sourcecode.cpp.h; path = Util.hpp; sourceTree = "<group>"; };
/* End PBXFileReference section */

/* Begin PBXFrameworksBuildPhase section */
		CA773A6E1E3F19D80028C9E4 /* Frameworks */ = {
			isa = PBXFrameworksBuildPhase;
			buildActionMask = 2147483647;
			files = (
			);
			runOnlyForDeploymentPostprocessing = 0;
		};
/* End PBXFrameworksBuildPhase section */

/* Begin PBXGroup section */
		CA773A681E3F19D80028C9E4 = {
			isa = PBXGroup;
			children = (
				CA773A7B1E3F19FD0028C9E4 /* 妙趣横生的算法C++描述.md */,
				CA773A731E3F19D80028C9E4 /* Book2 */,
				CA773A721E3F19D80028C9E4 /* Products */,
			);
			sourceTree = "<group>";
		};
		CA773A721E3F19D80028C9E4 /* Products */ = {
			isa = PBXGroup;
			children = (
				CA773A711E3F19D80028C9E4 /* Book2 */,
			);
			name = Products;
			sourceTree = "<group>";
		};
		CA773A731E3F19D80028C9E4 /* Book2 */ = {
			isa = PBXGroup;
			children = (
				CA773AA31E3F23000028C9E4 /* 1-1-x.cpp */,
				CA773AA41E3F23000028C9E4 /* 1-2-x.cpp */,
				CA773AA51E3F23000028C9E4 /* 1-6-x.cpp */,
				CA773AA61E3F23000028C9E4 /* 1-9-x.cpp */,
				CA773AA71E3F23000028C9E4 /* 1-11-x.cpp */,
				CA773AA81E3F23000028C9E4 /* 5-1-InsertSort.cpp */,
				CA773AA91E3F23000028C9E4 /* 5-3-BubbleSort.cpp */,
				CA773AAA1E3F23000028C9E4 /* 5-5-QuickSort.cpp */,
				CA773AAB1E3F23000028C9E4 /* 5-8-ShellSort.cpp */,
				CA773AAC1E3F23000028C9E4 /* 5-9-SelectionSort.cpp */,
				CA773AAD1E3F23000028C9E4 /* BST.hpp */,
				CA773AAE1E3F23000028C9E4 /* CommonHeaders.hpp */,
				CA773AAF1E3F23000028C9E4 /* HashTable.hpp */,
				CA773AB01E3F23000028C9E4 /* LinkList.hpp */,
				CA773AB11E3F23000028C9E4 /* Queue.hpp */,
				CA773AB21E3F23000028C9E4 /* Stack.hpp */,
				CA773AB31E3F23000028C9E4 /* Util.hpp */,
				CA773A741E3F19D80028C9E4 /* main.cpp */,
			);
			path = Book2;
			sourceTree = "<group>";
		};
/* End PBXGroup section */

/* Begin PBXNativeTarget section */
		CA773A701E3F19D80028C9E4 /* Book2 */ = {
			isa = PBXNativeTarget;
			buildConfigurationList = CA773A781E3F19D80028C9E4 /* Build configuration list for PBXNativeTarget "Book2" */;
			buildPhases = (
				CA773A6D1E3F19D80028C9E4 /* Sources */,
				CA773A6E1E3F19D80028C9E4 /* Frameworks */,
				CA773A6F1E3F19D80028C9E4 /* CopyFiles */,
			);
			buildRules = (
			);
			dependencies = (
			);
			name = Book2;
			productName = Book2;
			productReference = CA773A711E3F19D80028C9E4 /* Book2 */;
			productType = "com.apple.product-type.tool";
		};
/* End PBXNativeTarget section */

/* Begin PBXProject section */
		CA773A691E3F19D80028C9E4 /* Project object */ = {
			isa = PBXProject;
			attributes = {
				LastUpgradeCheck = 0820;
				ORGANIZATIONNAME = "Yuhui Huang";
				TargetAttributes = {
					CA773A701E3F19D80028C9E4 = {
						CreatedOnToolsVersion = 8.2.1;
						ProvisioningStyle = Automatic;
					};
				};
			};
			buildConfigurationList = CA773A6C1E3F19D80028C9E4 /* Build configuration list for PBXProject "Book2" */;
			compatibilityVersion = "Xcode 3.2";
			developmentRegion = English;
			hasScannedForEncodings = 0;
			knownRegions = (
				en,
			);
			mainGroup = CA773A681E3F19D80028C9E4;
			productRefGroup = CA773A721E3F19D80028C9E4 /* Products */;
			projectDirPath = "";
			projectRoot = "";
			targets = (
				CA773A701E3F19D80028C9E4 /* Book2 */,
			);
		};
/* End PBXProject section */

/* Begin PBXSourcesBuildPhase section */
		CA773A6D1E3F19D80028C9E4 /* Sources */ = {
			isa = PBXSourcesBuildPhase;
			buildActionMask = 2147483647;
			files = (
				CA773A751E3F19D80028C9E4 /* main.cpp in Sources */,
			);
			runOnlyForDeploymentPostprocessing = 0;
		};
/* End PBXSourcesBuildPhase section */

/* Begin XCBuildConfiguration section */
		CA773A761E3F19D80028C9E4 /* Debug */ = {
			isa = XCBuildConfiguration;
			buildSettings = {
				ALWAYS_SEARCH_USER_PATHS = NO;
				CLANG_ANALYZER_NONNULL = YES;
				CLANG_CXX_LANGUAGE_STANDARD = "gnu++0x";
				CLANG_CXX_LIBRARY = "libc++";
				CLANG_ENABLE_MODULES = YES;
				CLANG_ENABLE_OBJC_ARC = YES;
				CLANG_WARN_BOOL_CONVERSION = YES;
				CLANG_WARN_CONSTANT_CONVERSION = YES;
				CLANG_WARN_DIRECT_OBJC_ISA_USAGE = YES_ERROR;
				CLANG_WARN_DOCUMENTATION_COMMENTS = YES;
				CLANG_WARN_EMPTY_BODY = YES;
				CLANG_WARN_ENUM_CONVERSION = YES;
				CLANG_WARN_INFINITE_RECURSION = YES;
				CLANG_WARN_INT_CONVERSION = YES;
				CLANG_WARN_OBJC_ROOT_CLASS = YES_ERROR;
				CLANG_WARN_SUSPICIOUS_MOVE = YES;
				CLANG_WARN_UNREACHABLE_CODE = YES;
				CLANG_WARN__DUPLICATE_METHOD_MATCH = YES;
				CODE_SIGN_IDENTITY = "-";
				COPY_PHASE_STRIP = NO;
				DEBUG_INFORMATION_FORMAT = dwarf;
				ENABLE_STRICT_OBJC_MSGSEND = YES;
				ENABLE_TESTABILITY = YES;
				GCC_C_LANGUAGE_STANDARD = gnu99;
				GCC_DYNAMIC_NO_PIC = NO;
				GCC_NO_COMMON_BLOCKS = YES;
				GCC_OPTIMIZATION_LEVEL = 0;
				GCC_PREPROCESSOR_DEFINITIONS = (
					"DEBUG=1",
					"$(inherited)",
				);
				GCC_WARN_64_TO_32_BIT_CONVERSION = YES;
				GCC_WARN_ABOUT_RETURN_TYPE = YES_ERROR;
				GCC_WARN_UNDECLARED_SELECTOR = YES;
				GCC_WARN_UNINITIALIZED_AUTOS = YES_AGGRESSIVE;
				GCC_WARN_UNUSED_FUNCTION = YES;
				GCC_WARN_UNUSED_VARIABLE = YES;
				MACOSX_DEPLOYMENT_TARGET = 10.12;
				MTL_ENABLE_DEBUG_INFO = YES;
				ONLY_ACTIVE_ARCH = YES;
				SDKROOT = macosx;
			};
			name = Debug;
		};
		CA773A771E3F19D80028C9E4 /* Release */ = {
			isa = XCBuildConfiguration;
			buildSettings = {
				ALWAYS_SEARCH_USER_PATHS = NO;
				CLANG_ANALYZER_NONNULL = YES;
				CLANG_CXX_LANGUAGE_STANDARD = "gnu++0x";
				CLANG_CXX_LIBRARY = "libc++";
				CLANG_ENABLE_MODULES = YES;
				CLANG_ENABLE_OBJC_ARC = YES;
				CLANG_WARN_BOOL_CONVERSION = YES;
				CLANG_WARN_CONSTANT_CONVERSION = YES;
				CLANG_WARN_DIRECT_OBJC_ISA_USAGE = YES_ERROR;
				CLANG_WARN_DOCUMENTATION_COMMENTS = YES;
				CLANG_WARN_EMPTY_BODY = YES;
				CLANG_WARN_ENUM_CONVERSION = YES;
				CLANG_WARN_INFINITE_RECURSION = YES;
				CLANG_WARN_INT_CONVERSION = YES;
				CLANG_WARN_OBJC_ROOT_CLASS = YES_ERROR;
				CLANG_WARN_SUSPICIOUS_MOVE = YES;
				CLANG_WARN_UNREACHABLE_CODE = YES;
				CLANG_WARN__DUPLICATE_METHOD_MATCH = YES;
				CODE_SIGN_IDENTITY = "-";
				COPY_PHASE_STRIP = NO;
				DEBUG_INFORMATION_FORMAT = "dwarf-with-dsym";
				ENABLE_NS_ASSERTIONS = NO;
				ENABLE_STRICT_OBJC_MSGSEND = YES;
				GCC_C_LANGUAGE_STANDARD = gnu99;
				GCC_NO_COMMON_BLOCKS = YES;
				GCC_WARN_64_TO_32_BIT_CONVERSION = YES;
				GCC_WARN_ABOUT_RETURN_TYPE = YES_ERROR;
				GCC_WARN_UNDECLARED_SELECTOR = YES;
				GCC_WARN_UNINITIALIZED_AUTOS = YES_AGGRESSIVE;
				GCC_WARN_UNUSED_FUNCTION = YES;
				GCC_WARN_UNUSED_VARIABLE = YES;
				MACOSX_DEPLOYMENT_TARGET = 10.12;
				MTL_ENABLE_DEBUG_INFO = NO;
				SDKROOT = macosx;
			};
			name = Release;
		};
		CA773A791E3F19D80028C9E4 /* Debug */ = {
			isa = XCBuildConfiguration;
			buildSettings = {
				PRODUCT_NAME = "$(TARGET_NAME)";
			};
			name = Debug;
		};
		CA773A7A1E3F19D80028C9E4 /* Release */ = {
			isa = XCBuildConfiguration;
			buildSettings = {
				PRODUCT_NAME = "$(TARGET_NAME)";
			};
			name = Release;
		};
/* End XCBuildConfiguration section */

/* Begin XCConfigurationList section */
		CA773A6C1E3F19D80028C9E4 /* Build configuration list for PBXProject "Book2" */ = {
			isa = XCConfigurationList;
			buildConfigurations = (
				CA773A761E3F19D80028C9E4 /* Debug */,
				CA773A771E3F19D80028C9E4 /* Release */,
			);
			defaultConfigurationIsVisible = 0;
			defaultConfigurationName = Release;
		};
		CA773A781E3F19D80028C9E4 /* Build configuration list for PBXNativeTarget "Book2" */ = {
			isa = XCConfigurationList;
			buildConfigurations = (
				CA773A791E3F19D80028C9E4 /* Debug */,
				CA773A7A1E3F19D80028C9E4 /* Release */,
			);
			defaultConfigurationIsVisible = 0;
			defaultConfigurationName = Release;
		};
/* End XCConfigurationList section */
	};
	rootObject = CA773A691E3F19D80028C9E4 /* Project object */;
}
